
Microsoft Visual Studio Solution File, Format Version 12.00
# Visual Studio Version 17
VisualStudioVersion = 17.1.32210.238
MinimumVisualStudioVersion = 10.0.40219.1
Project("{FAE04EC0-301F-11D3-BF4B-00C04F79EFBC}") = "MvcTrains", "MvcTrains\MvcTrains.csproj", "{8E7E3080-026F-41AE-AFC0-FDC4A2665D25}"
EndProject
Global
	GlobalSection(SolutionConfigurationPlatforms) = preSolution
		Debug|Any CPU = Debug|Any CPU
		Release|Any CPU = Release|Any CPU
	EndGlobalSection
	GlobalSection(ProjectConfigurationPlatforms) = postSolution
		{8E7E3080-026F-41AE-AFC0-FDC4A2665D25}.Debug|Any CPU.ActiveCfg = Debug|Any CPU
		{8E7E3080-026F-41AE-AFC0-FDC4A2665D25}.Debug|Any CPU.Build.0 = Debug|Any CPU
		{8E7E3080-026F-41AE-AFC0-FDC4A2665D25}.Release|Any CPU.ActiveCfg = Release|Any CPU
		{8E7E3080-026F-41AE-AFC0-FDC4A2665D25}.Release|Any CPU.Build.0 = Release|Any CPU
	EndGlobalSection
	GlobalSection(SolutionProperties) = preSolution
		HideSolutionNode = FALSE
	EndGlobalSection
	GlobalSection(ExtensibilityGlobals) = postSolution
		SolutionGuid = {5BDB5075-721E-4F6F-8FF9-3BB83E175D3E}
	EndGlobalSection
EndGlobal
